
Microsoft Visual Studio Solution File, Format Version 12.00
# Visual Studio 2013
VisualStudioVersion = 12.0.21005.1
MinimumVisualStudioVersion = 10.0.40219.1
Project("{FAE04EC0-301F-11D3-BF4B-00C04F79EFBC}") = "Back_F", "Back_F\Back_F.csproj", "{888E068C-EFDB-4847-943A-664D4D50CB1E}"
EndProject
Project("{2150E333-8FDC-42A3-9474-1A3956D46DE8}") = ".nuget", ".nuget", "{509FCFCE-63A8-40B7-BFE8-87443B75E5E3}"
	ProjectSection(SolutionItems) = preProject
		.nuget\packages.config = .nuget\packages.config
	EndProjectSection
EndProject
Global
	GlobalSection(SolutionConfigurationPlatforms) = preSolution
		Debug|Any CPU = Debug|Any CPU
		Release|Any CPU = Release|Any CPU
	EndGlobalSection
	GlobalSection(ProjectConfigurationPlatforms) = postSolution
		{888E068C-EFDB-4847-943A-664D4D50CB1E}.Debug|Any CPU.ActiveCfg = Debug|Any CPU
		{888E068C-EFDB-4847-943A-664D4D50CB1E}.Debug|Any CPU.Build.0 = Debug|Any CPU
		{888E068C-EFDB-4847-943A-664D4D50CB1E}.Release|Any CPU.ActiveCfg = Release|Any CPU
		{888E068C-EFDB-4847-943A-664D4D50CB1E}.Release|Any CPU.Build.0 = Release|Any CPU
	EndGlobalSection
	GlobalSection(SolutionProperties) = preSolution
		HideSolutionNode = FALSE
	EndGlobalSection
EndGlobal
